{
  "version": 4,
  "terraform_version": "1.2.2",
  "serial": 111,
  "lineage": "bac52076-b36c-453d-0372-9af6c9a536d7",
  "outputs": {},
  "resources": [
    {
      "mode": "managed",
      "type": "gitlab_group",
      "name": "group",
      "provider": "provider[\"registry.terraform.io/gitlabhq/gitlab\"]",
      "instances": [
        {
          "index_key": "CI Mirrors",
          "schema_version": 0,
          "attributes": {
            "auto_devops_enabled": false,
            "default_branch_protection": 0,
            "description": "Group contains mirrors of public projects",
            "emails_disabled": true,
            "full_name": "CI Mirrors",
            "full_path": "ci-only",
            "id": "19",
            "lfs_enabled": true,
            "mentions_disabled": false,
            "name": "CI Mirrors",
            "parent_id": 0,
            "path": "ci-only",
            "prevent_forking_outside_group": false,
            "project_creation_level": "maintainer",
            "request_access_enabled": false,
            "require_two_factor_authentication": false,
            "runners_token": "GR1348941aEzp2xJA_iHMxZNhLizW",
            "share_with_group_lock": true,
            "subgroup_creation_level": "owner",
            "two_factor_grace_period": 48,
            "visibility_level": "private",
            "web_url": "http://gitlab.example.com/groups/ci-only"
          },
          "sensitive_attributes": [],
          "private": "bnVsbA=="
        },
        {
          "index_key": "CI Pipelines",
          "schema_version": 0,
          "attributes": {
            "auto_devops_enabled": false,
            "default_branch_protection": 0,
            "description": "Group contains pipelines of public projects",
            "emails_disabled": true,
            "full_name": "CI Pipelines",
            "full_path": "ci",
            "id": "18",
            "lfs_enabled": true,
            "mentions_disabled": false,
            "name": "CI Pipelines",
            "parent_id": 0,
            "path": "ci",
            "prevent_forking_outside_group": false,
            "project_creation_level": "maintainer",
            "request_access_enabled": false,
            "require_two_factor_authentication": false,
            "runners_token": "GR134894178oPwc9rVz2BFW7Uf5W6",
            "share_with_group_lock": true,
            "subgroup_creation_level": "owner",
            "two_factor_grace_period": 48,
            "visibility_level": "private",
            "web_url": "http://gitlab.example.com/groups/ci"
          },
          "sensitive_attributes": [],
          "private": "bnVsbA=="
        }
      ]
    },
    {
      "mode": "managed",
      "type": "gitlab_group_membership",
      "name": "group_membership",
      "provider": "provider[\"registry.terraform.io/gitlabhq/gitlab\"]",
      "instances": [
        {
          "index_key": "mustafa.kara@CI Mirrors",
          "schema_version": 0,
          "attributes": {
            "access_level": "maintainer",
            "expires_at": null,
            "group_id": "19",
            "id": "19:9",
            "user_id": 9
          },
          "sensitive_attributes": [],
          "private": "bnVsbA==",
          "dependencies": [
            "gitlab_group.group",
            "gitlab_user.user"
          ]
        },
        {
          "index_key": "mustafa.kara@CI Pipelines",
          "schema_version": 0,
          "attributes": {
            "access_level": "maintainer",
            "expires_at": null,
            "group_id": "18",
            "id": "18:9",
            "user_id": 9
          },
          "sensitive_attributes": [],
          "private": "bnVsbA==",
          "dependencies": [
            "gitlab_group.group",
            "gitlab_user.user"
          ]
        },
        {
          "index_key": "mustafa2.kara@CI Mirrors",
          "schema_version": 0,
          "attributes": {
            "access_level": "maintainer",
            "expires_at": null,
            "group_id": "19",
            "id": "19:10",
            "user_id": 10
          },
          "sensitive_attributes": [],
          "private": "bnVsbA==",
          "dependencies": [
            "gitlab_group.group",
            "gitlab_user.user"
          ]
        },
        {
          "index_key": "mustafa2.kara@CI Pipelines",
          "schema_version": 0,
          "attributes": {
            "access_level": "maintainer",
            "expires_at": null,
            "group_id": "18",
            "id": "18:10",
            "user_id": 10
          },
          "sensitive_attributes": [],
          "private": "bnVsbA==",
          "dependencies": [
            "gitlab_group.group",
            "gitlab_user.user"
          ]
        }
      ]
    },
    {
      "mode": "managed",
      "type": "gitlab_group_variable",
      "name": "group_var",
      "provider": "provider[\"registry.terraform.io/gitlabhq/gitlab\"]",
      "instances": [
        {
          "index_key": "var1@CI Mirrors",
          "schema_version": 0,
          "attributes": {
            "environment_scope": "*",
            "group": "19",
            "id": "19:instance_variable_file:*",
            "key": "instance_variable_file",
            "masked": true,
            "protected": true,
            "value": "secret1secret2",
            "variable_type": "env_var"
          },
          "sensitive_attributes": [],
          "private": "bnVsbA==",
          "dependencies": [
            "gitlab_group.group"
          ]
        },
        {
          "index_key": "var3@CI Pipelines",
          "schema_version": 0,
          "attributes": {
            "environment_scope": "*",
            "group": "18",
            "id": "18:instance_variable_file:*",
            "key": "instance_variable_file",
            "masked": true,
            "protected": true,
            "value": "secret1secret2",
            "variable_type": "file"
          },
          "sensitive_attributes": [],
          "private": "bnVsbA==",
          "dependencies": [
            "gitlab_group.group"
          ]
        }
      ]
    },
    {
      "mode": "managed",
      "type": "gitlab_instance_variable",
      "name": "instance_variable",
      "provider": "provider[\"registry.terraform.io/gitlabhq/gitlab\"]",
      "instances": [
        {
          "index_key": "var1",
          "schema_version": 0,
          "attributes": {
            "id": "instance_variable_key",
            "key": "instance_variable_key",
            "masked": true,
            "protected": true,
            "value": "secret1secret1",
            "variable_type": "env_var"
          },
          "sensitive_attributes": [],
          "private": "bnVsbA=="
        },
        {
          "index_key": "var2",
          "schema_version": 0,
          "attributes": {
            "id": "instance_variable_file",
            "key": "instance_variable_file",
            "masked": true,
            "protected": true,
            "value": "secret1secret2",
            "variable_type": "file"
          },
          "sensitive_attributes": [],
          "private": "bnVsbA=="
        }
      ]
    },
    {
      "mode": "managed",
      "type": "gitlab_project",
      "name": "project",
      "provider": "provider[\"registry.terraform.io/gitlabhq/gitlab\"]",
      "instances": [
        {
          "index_key": "pipelines@CI Pipelines",
          "schema_version": 0,
          "attributes": {
            "allow_merge_on_skipped_pipeline": false,
            "analytics_access_level": "enabled",
            "approvals_before_merge": 0,
            "archive_on_destroy": null,
            "archived": false,
            "auto_cancel_pending_pipelines": "enabled",
            "auto_devops_deploy_strategy": "continuous",
            "auto_devops_enabled": false,
            "autoclose_referenced_issues": true,
            "build_coverage_regex": "",
            "build_git_strategy": "fetch",
            "build_timeout": 3600,
            "builds_access_level": "enabled",
            "ci_config_path": "",
            "ci_forward_deployment_enabled": true,
            "container_expiration_policy": [
              {
                "cadence": "1d",
                "enabled": false,
                "keep_n": 10,
                "name_regex_delete": "",
                "name_regex_keep": "",
                "next_run_at": "2022-06-04T18:43:44Z",
                "older_than": "90d"
              }
            ],
            "container_registry_access_level": "enabled",
            "container_registry_enabled": true,
            "default_branch": "main",
            "description": "Common pipelines library",
            "emails_disabled": false,
            "external_authorization_classification_label": "",
            "forking_access_level": "disabled",
            "group_with_project_templates_id": null,
            "http_url_to_repo": "http://gitlab.example.com/ci/pipelines.git",
            "id": "5",
            "import_url": null,
            "initialize_with_readme": true,
            "issues_access_level": "enabled",
            "issues_enabled": true,
            "issues_template": "",
            "lfs_enabled": true,
            "merge_commit_template": "",
            "merge_method": "ff",
            "merge_pipelines_enabled": false,
            "merge_requests_access_level": "enabled",
            "merge_requests_enabled": true,
            "merge_requests_template": "",
            "merge_trains_enabled": false,
            "mirror": false,
            "mirror_overwrites_diverged_branches": false,
            "mirror_trigger_builds": false,
            "name": "pipelines",
            "namespace_id": 18,
            "only_allow_merge_if_all_discussions_are_resolved": true,
            "only_allow_merge_if_pipeline_succeeds": true,
            "only_mirror_protected_branches": false,
            "operations_access_level": "enabled",
            "packages_enabled": true,
            "pages_access_level": "private",
            "path": "pipelines",
            "path_with_namespace": "ci/pipelines",
            "pipelines_enabled": true,
            "printing_merge_request_link_enabled": true,
            "public_builds": false,
            "push_rules": [],
            "remove_source_branch_after_merge": false,
            "repository_access_level": "enabled",
            "repository_storage": "default",
            "request_access_enabled": true,
            "requirements_access_level": "",
            "resolve_outdated_diff_discussions": false,
            "runners_token": "GR1348941jwpEyZxdrq2ehNnVbCGH",
            "security_and_compliance_access_level": "private",
            "shared_runners_enabled": false,
            "snippets_access_level": "enabled",
            "snippets_enabled": true,
            "squash_commit_template": "",
            "squash_option": "always",
            "ssh_url_to_repo": "git@gitlab.example.com:ci/pipelines.git",
            "tags": [],
            "template_name": null,
            "template_project_id": null,
            "topics": [],
            "use_custom_template": null,
            "visibility_level": "private",
            "web_url": "http://gitlab.example.com/ci/pipelines",
            "wiki_access_level": "enabled",
            "wiki_enabled": true
          },
          "sensitive_attributes": [],
          "private": "bnVsbA==",
          "dependencies": [
            "gitlab_group.group"
          ]
        }
      ]
    },
    {
      "mode": "managed",
      "type": "gitlab_project_environment",
      "name": "project_environment",
      "provider": "provider[\"registry.terraform.io/gitlabhq/gitlab\"]",
      "instances": [
        {
          "index_key": "CI Pipelines_pipelines_release-6.5",
          "schema_version": 0,
          "attributes": {
            "created_at": "2022-06-03T19:30:50Z",
            "external_url": "",
            "id": "5:6",
            "name": "release-6.5",
            "project": "5",
            "slug": null,
            "state": "available",
            "stop_before_destroy": true,
            "updated_at": "2022-06-03T19:30:50Z"
          },
          "sensitive_attributes": [],
          "private": "bnVsbA==",
          "dependencies": [
            "gitlab_group.group",
            "gitlab_project.project"
          ]
        },
        {
          "index_key": "CI Pipelines_pipelines_release-6.6",
          "schema_version": 0,
          "attributes": {
            "created_at": "2022-06-03T19:29:23Z",
            "external_url": "",
            "id": "5:2",
            "name": "release-6.6",
            "project": "5",
            "slug": null,
            "state": "available",
            "stop_before_destroy": true,
            "updated_at": "2022-06-03T19:29:23Z"
          },
          "sensitive_attributes": [],
          "private": "bnVsbA==",
          "dependencies": [
            "gitlab_group.group",
            "gitlab_project.project"
          ]
        },
        {
          "index_key": "CI Pipelines_pipelines_release-6.7",
          "schema_version": 0,
          "attributes": {
            "created_at": "2022-06-03T19:29:23Z",
            "external_url": "",
            "id": "5:3",
            "name": "release-6.7",
            "project": "5",
            "slug": null,
            "state": "available",
            "stop_before_destroy": true,
            "updated_at": "2022-06-03T19:29:23Z"
          },
          "sensitive_attributes": [],
          "private": "bnVsbA==",
          "dependencies": [
            "gitlab_group.group",
            "gitlab_project.project"
          ]
        },
        {
          "index_key": "CI Pipelines_pipelines_release-7.0",
          "schema_version": 0,
          "attributes": {
            "created_at": "2022-06-03T19:29:23Z",
            "external_url": "",
            "id": "5:4",
            "name": "release-7.0",
            "project": "5",
            "slug": null,
            "state": "available",
            "stop_before_destroy": true,
            "updated_at": "2022-06-03T19:29:23Z"
          },
          "sensitive_attributes": [],
          "private": "bnVsbA==",
          "dependencies": [
            "gitlab_group.group",
            "gitlab_project.project"
          ]
        }
      ]
    },
    {
      "mode": "managed",
      "type": "gitlab_project_membership",
      "name": "project_membership",
      "provider": "provider[\"registry.terraform.io/gitlabhq/gitlab\"]",
      "instances": [
        {
          "index_key": "CI Pipelines_pipelines_qa_1",
          "schema_version": 0,
          "attributes": {
            "access_level": "reporter",
            "id": "5:7",
            "project_id": "5",
            "user_id": 7
          },
          "sensitive_attributes": [],
          "private": "bnVsbA==",
          "dependencies": [
            "gitlab_group.group",
            "gitlab_project.project",
            "gitlab_user.user"
          ]
        }
      ]
    },
    {
      "mode": "managed",
      "type": "gitlab_repository_file",
      "name": "repository_file",
      "provider": "provider[\"registry.terraform.io/gitlabhq/gitlab\"]",
      "instances": [
        {
          "index_key": "CI Pipelines_pipelines_LICENSE.txt",
          "schema_version": 0,
          "attributes": {
            "author_email": "hasta.la.vista@baby.com",
            "author_name": "The Terminator",
            "blob_id": "f45b35a455379c1735757b4d9884d3152bcce78a",
            "branch": "main",
            "commit_id": "46d3890f91fb30a8fd84663a4618f36332bdee07",
            "commit_message": "feature: add LICENSE.txt",
            "content": "Copyright 2022 Mattermost\n\nPermission is hereby granted, free of charge, to any person obtaining a copy of this software and associated documentation \nfiles (the \"Software\"), to deal in the Software without restriction, including without limitation the rights to use, copy, \nmodify, merge, publish, distribute, sublicense, and/or sell copies of the Software, and to permit persons to whom the Software \nis furnished to do so, subject to the following conditions:\n\nThe above copyright notice and this permission notice shall be included in all copies or substantial portions of the Software.\n\nTHE SOFTWARE IS PROVIDED \"AS IS\", WITHOUT WARRANTY OF ANY KIND, EXPRESS OR IMPLIED, INCLUDING BUT NOT LIMITED TO THE WARRANTIES OF \nMERCHANTABILITY, FITNESS FOR A PARTICULAR PURPOSE AND NONINFRINGEMENT. IN NO EVENT SHALL THE AUTHORS OR COPYRIGHT HOLDERS BE LIABLE \nFOR ANY CLAIM, DAMAGES OR OTHER LIABILITY, WHETHER IN AN ACTION OF CONTRACT, TORT OR OTHERWISE, ARISING FROM, OUT OF OR IN CONNECTION \nWITH THE SOFTWARE OR THE USE OR OTHER DEALINGS IN THE SOFTWARE.\n\n",
            "content_sha256": "1fb999c6d0d9cbed57e0872cc25a79e4d002d01a66db74d16715a9d1da346bde",
            "encoding": "base64",
            "execute_filemode": false,
            "file_name": "LICENSE.txt",
            "file_path": "LICENSE.txt",
            "id": "5:main:LICENSE.txt",
            "last_commit_id": "46d3890f91fb30a8fd84663a4618f36332bdee07",
            "project": "5",
            "ref": "main",
            "size": 1057,
            "start_branch": null,
            "timeouts": null
          },
          "sensitive_attributes": [
            [
              {
                "type": "get_attr",
                "value": "author_email"
              }
            ],
            [
              {
                "type": "get_attr",
                "value": "content"
              }
            ],
            [
              {
                "type": "get_attr",
                "value": "author_name"
              }
            ]
          ],
          "private": "eyJlMmJmYjczMC1lY2FhLTExZTYtOGY4OC0zNDM2M2JjN2M0YzAiOnsiY3JlYXRlIjo2MDAwMDAwMDAwMCwiZGVsZXRlIjo2MDAwMDAwMDAwMCwidXBkYXRlIjo2MDAwMDAwMDAwMH19",
          "dependencies": [
            "gitlab_group.group",
            "gitlab_project.project"
          ]
        },
        {
          "index_key": "CI Pipelines_pipelines_pipelines/dummy.yml",
          "schema_version": 0,
          "attributes": {
            "author_email": "hasta.la.vista@baby.com",
            "author_name": "The Terminator",
            "blob_id": "66033bbafd9ffaeb2db3fd1b1146acd3fc937440",
            "branch": "main",
            "commit_id": "46d3890f91fb30a8fd84663a4618f36332bdee07",
            "commit_message": "feature: add .gitlab-ci.yml",
            "content": "---\n\nbuild-job:\nstage: build\nscript:\n  - echo \"Hello, $GITLAB_USER_LOGIN!\"\n\n  ...",
            "content_sha256": "076e05f120cc280c8661c604718f0cc50ec41519d3fd4593d70ddc4e5f8c197b",
            "encoding": "base64",
            "execute_filemode": false,
            "file_name": ".gitlab-ci.yml",
            "file_path": ".gitlab-ci.yml",
            "id": "5:main:.gitlab-ci.yml",
            "last_commit_id": "644325862e5b9c81deb7d89d402090a64556abf5",
            "project": "5",
            "ref": "main",
            "size": 81,
            "start_branch": null,
            "timeouts": null
          },
          "sensitive_attributes": [
            [
              {
                "type": "get_attr",
                "value": "author_email"
              }
            ],
            [
              {
                "type": "get_attr",
                "value": "content"
              }
            ],
            [
              {
                "type": "get_attr",
                "value": "author_name"
              }
            ]
          ],
          "private": "eyJlMmJmYjczMC1lY2FhLTExZTYtOGY4OC0zNDM2M2JjN2M0YzAiOnsiY3JlYXRlIjo2MDAwMDAwMDAwMCwiZGVsZXRlIjo2MDAwMDAwMDAwMCwidXBkYXRlIjo2MDAwMDAwMDAwMH19",
          "dependencies": [
            "gitlab_group.group",
            "gitlab_project.project"
          ]
        }
      ]
    },
    {
      "mode": "managed",
      "type": "gitlab_system_hook",
      "name": "system-hook",
      "provider": "provider[\"registry.terraform.io/gitlabhq/gitlab\"]",
      "instances": [
        {
          "index_key": "sample_token",
          "schema_version": 0,
          "attributes": {
            "created_at": "2022-05-17T18:16:56Z",
            "enable_ssl_verification": true,
            "id": "5",
            "merge_requests_events": true,
            "push_events": true,
            "repository_update_events": true,
            "tag_push_events": true,
            "token": "secret-token",
            "url": "https://localhost:9090"
          },
          "sensitive_attributes": [],
          "private": "bnVsbA=="
        }
      ]
    },
    {
      "mode": "managed",
      "type": "gitlab_user",
      "name": "user",
      "provider": "provider[\"registry.terraform.io/gitlabhq/gitlab\"]",
      "instances": [
        {
          "index_key": "mustafa.kara",
          "schema_version": 0,
          "attributes": {
            "can_create_group": false,
            "email": "mustafa.kara@email.com",
            "id": "9",
            "is_admin": false,
            "is_external": false,
            "name": "Mustafa Kara",
            "namespace_id": 16,
            "note": "",
            "password": null,
            "projects_limit": 100,
            "reset_password": true,
            "skip_confirmation": true,
            "state": "active",
            "username": "mustafa.kara"
          },
          "sensitive_attributes": [],
          "private": "bnVsbA=="
        },
        {
          "index_key": "mustafa2.kara",
          "schema_version": 0,
          "attributes": {
            "can_create_group": false,
            "email": "mustafa.kara2@email.com",
            "id": "10",
            "is_admin": false,
            "is_external": false,
            "name": "Mustafa Kara",
            "namespace_id": 17,
            "note": "",
            "password": null,
            "projects_limit": 100,
            "reset_password": true,
            "skip_confirmation": true,
            "state": "deactivated",
            "username": "mustafa2.kara"
          },
          "sensitive_attributes": [],
          "private": "bnVsbA=="
        },
        {
          "index_key": "qa_1",
          "schema_version": 0,
          "attributes": {
            "can_create_group": false,
            "email": "qa_1@email.com",
            "id": "7",
            "is_admin": false,
            "is_external": false,
            "name": "Mustafa Kara",
            "namespace_id": 15,
            "note": "",
            "password": null,
            "projects_limit": 0,
            "reset_password": true,
            "skip_confirmation": true,
            "state": "blocked",
            "username": "qa_1"
          },
          "sensitive_attributes": [],
          "private": "bnVsbA=="
        }
      ]
    }
  ]
}
